
Microsoft Visual Studio Solution File, Format Version 12.00
# Visual Studio Version 17
VisualStudioVersion = 17.1.32319.34
MinimumVisualStudioVersion = 10.0.40219.1
Project("{FAE04EC0-301F-11D3-BF4B-00C04F79EFBC}") = "Notepad", "Notepad\Notepad.csproj", "{FB99328F-D583-46C9-B6CE-018830526DB4}"
EndProject
Global
	GlobalSection(SolutionConfigurationPlatforms) = preSolution
		Debug|Any CPU = Debug|Any CPU
		Release|Any CPU = Release|Any CPU
	EndGlobalSection
	GlobalSection(ProjectConfigurationPlatforms) = postSolution
		{FB99328F-D583-46C9-B6CE-018830526DB4}.Debug|Any CPU.ActiveCfg = Debug|Any CPU
		{FB99328F-D583-46C9-B6CE-018830526DB4}.Debug|Any CPU.Build.0 = Debug|Any CPU
		{FB99328F-D583-46C9-B6CE-018830526DB4}.Release|Any CPU.ActiveCfg = Release|Any CPU
		{FB99328F-D583-46C9-B6CE-018830526DB4}.Release|Any CPU.Build.0 = Release|Any CPU
	EndGlobalSection
	GlobalSection(SolutionProperties) = preSolution
		HideSolutionNode = FALSE
	EndGlobalSection
	GlobalSection(ExtensibilityGlobals) = postSolution
		SolutionGuid = {4C01A598-091C-41BB-A385-639197E9A042}
	EndGlobalSection
EndGlobal
